Microsoft Visual Studio Solution File, Format Version 12.00
# Visual Studio Version 17
VisualStudioVersion = 17.0.31903.59
MinimumVisualStudioVersion = 10.0.40219.1
Project("{FAE04EC0-301F-11D3-BF4B-00C04F79EFBC}") = "ConditionalExercises", "ConditionalExercises\ConditionalExercises.csproj", "{6E57C55C-6C2E-44F4-9FC1-38C4CDE46856}"
EndProject
Global
	GlobalSection(SolutionConfigurationPlatforms) = preSolution
		Debug|Any CPU = Debug|Any CPU
		Release|Any CPU = Release|Any CPU
	EndGlobalSection
	GlobalSection(ProjectConfigurationPlatforms) = postSolution
		{6E57C55C-6C2E-44F4-9FC1-38C4CDE46856}.Debug|Any CPU.ActiveCfg = Debug|Any CPU
		{6E57C55C-6C2E-44F4-9FC1-38C4CDE46856}.Debug|Any CPU.Build.0 = Debug|Any CPU
		{6E57C55C-6C2E-44F4-9FC1-38C4CDE46856}.Release|Any CPU.ActiveCfg = Release|Any CPU
		{6E57C55C-6C2E-44F4-9FC1-38C4CDE46856}.Release|Any CPU.Build.0 = Release|Any CPU
	EndGlobalSection
	GlobalSection(SolutionProperties) = preSolution
		HideSolutionNode = FALSE
	EndGlobalSection
	GlobalSection(ExtensibilityGlobals) = postSolution
		SolutionGuid = {9BB3679A-1AA1-4A3E-A52C-E50B3C2C1D8F}
	EndGlobalSection
EndGlobal
