
Microsoft Visual Studio Solution File, Format Version 12.00
# Visual Studio Version 16
VisualStudioVersion = 25.0.1706.14
MinimumVisualStudioVersion = 10.0.40219.1
Project("{FAE04EC0-301F-11D3-BF4B-00C04F79EFBC}") = "DataStructures", "DataStructures.csproj", "{0B69DD10-12F5-4BCF-B068-106345C6117C}"
EndProject
Global
	GlobalSection(SolutionConfigurationPlatforms) = preSolution
		Debug|Any CPU = Debug|Any CPU
		Release|Any CPU = Release|Any CPU
	EndGlobalSection
	GlobalSection(ProjectConfigurationPlatforms) = postSolution
		{0B69DD10-12F5-4BCF-B068-106345C6117C}.Debug|Any CPU.ActiveCfg = Debug|Any CPU
		{0B69DD10-12F5-4BCF-B068-106345C6117C}.Debug|Any CPU.Build.0 = Debug|Any CPU
		{0B69DD10-12F5-4BCF-B068-106345C6117C}.Release|Any CPU.ActiveCfg = Release|Any CPU
		{0B69DD10-12F5-4BCF-B068-106345C6117C}.Release|Any CPU.Build.0 = Release|Any CPU
	EndGlobalSection
	GlobalSection(SolutionProperties) = preSolution
		HideSolutionNode = FALSE
	EndGlobalSection
	GlobalSection(ExtensibilityGlobals) = postSolution
		SolutionGuid = {C62D2B46-60CD-47DB-9870-36874B33D44E}
	EndGlobalSection
EndGlobal
