
Microsoft Visual Studio Solution File, Format Version 12.00
Project("{FAE04EC0-301F-11D3-BF4B-00C04F79EFBC}") = "ObjectCopy", "ObjectCopy\ObjectCopy.csproj", "{0F870FBD-5FCE-4E02-A6C8-B07E0A18E79B}"
EndProject
Global
	GlobalSection(SolutionConfigurationPlatforms) = preSolution
		Debug|Any CPU = Debug|Any CPU
		Release|Any CPU = Release|Any CPU
	EndGlobalSection
	GlobalSection(ProjectConfigurationPlatforms) = postSolution
		{0F870FBD-5FCE-4E02-A6C8-B07E0A18E79B}.Debug|Any CPU.ActiveCfg = Debug|Any CPU
		{0F870FBD-5FCE-4E02-A6C8-B07E0A18E79B}.Debug|Any CPU.Build.0 = Debug|Any CPU
		{0F870FBD-5FCE-4E02-A6C8-B07E0A18E79B}.Release|Any CPU.ActiveCfg = Release|Any CPU
		{0F870FBD-5FCE-4E02-A6C8-B07E0A18E79B}.Release|Any CPU.Build.0 = Release|Any CPU
	EndGlobalSection
EndGlobal
