
Microsoft Visual Studio Solution File, Format Version 12.00
Project("{FAE04EC0-301F-11D3-BF4B-00C04F79EFBC}") = "AcademyApp.PL", "AcademyApp.PL\AcademyApp.PL.csproj", "{32D6B06D-03CD-485C-A073-B33FFD9DE41C}"
EndProject
Project("{FAE04EC0-301F-11D3-BF4B-00C04F79EFBC}") = "AcademyApp.BLL", "AcademyApp.BLL\AcademyApp.BLL.csproj", "{1E29F4C1-0C9D-4832-AAF3-204747FEB29B}"
EndProject
Project("{FAE04EC0-301F-11D3-BF4B-00C04F79EFBC}") = "AcademyApp.DLL", "AcademyApp.DLL\AcademyApp.DLL.csproj", "{187D8782-9CF7-4D58-A49C-9889113B2261}"
EndProject
Project("{FAE04EC0-301F-11D3-BF4B-00C04F79EFBC}") = "AcademyApp.Core", "AcademyApp.Core\AcademyApp.Core.csproj", "{87DABF25-A38F-4D17-8383-B68A7C072F07}"
EndProject
Global
	GlobalSection(SolutionConfigurationPlatforms) = preSolution
		Debug|Any CPU = Debug|Any CPU
		Release|Any CPU = Release|Any CPU
	EndGlobalSection
	GlobalSection(ProjectConfigurationPlatforms) = postSolution
		{32D6B06D-03CD-485C-A073-B33FFD9DE41C}.Debug|Any CPU.ActiveCfg = Debug|Any CPU
		{32D6B06D-03CD-485C-A073-B33FFD9DE41C}.Debug|Any CPU.Build.0 = Debug|Any CPU
		{32D6B06D-03CD-485C-A073-B33FFD9DE41C}.Release|Any CPU.ActiveCfg = Release|Any CPU
		{32D6B06D-03CD-485C-A073-B33FFD9DE41C}.Release|Any CPU.Build.0 = Release|Any CPU
		{1E29F4C1-0C9D-4832-AAF3-204747FEB29B}.Debug|Any CPU.ActiveCfg = Debug|Any CPU
		{1E29F4C1-0C9D-4832-AAF3-204747FEB29B}.Debug|Any CPU.Build.0 = Debug|Any CPU
		{1E29F4C1-0C9D-4832-AAF3-204747FEB29B}.Release|Any CPU.ActiveCfg = Release|Any CPU
		{1E29F4C1-0C9D-4832-AAF3-204747FEB29B}.Release|Any CPU.Build.0 = Release|Any CPU
		{187D8782-9CF7-4D58-A49C-9889113B2261}.Debug|Any CPU.ActiveCfg = Debug|Any CPU
		{187D8782-9CF7-4D58-A49C-9889113B2261}.Debug|Any CPU.Build.0 = Debug|Any CPU
		{187D8782-9CF7-4D58-A49C-9889113B2261}.Release|Any CPU.ActiveCfg = Release|Any CPU
		{187D8782-9CF7-4D58-A49C-9889113B2261}.Release|Any CPU.Build.0 = Release|Any CPU
		{87DABF25-A38F-4D17-8383-B68A7C072F07}.Debug|Any CPU.ActiveCfg = Debug|Any CPU
		{87DABF25-A38F-4D17-8383-B68A7C072F07}.Debug|Any CPU.Build.0 = Debug|Any CPU
		{87DABF25-A38F-4D17-8383-B68A7C072F07}.Release|Any CPU.ActiveCfg = Release|Any CPU
		{87DABF25-A38F-4D17-8383-B68A7C072F07}.Release|Any CPU.Build.0 = Release|Any CPU
	EndGlobalSection
EndGlobal
