Microsoft Visual Studio Solution File, Format Version 12.00
# Visual Studio Version 17
VisualStudioVersion = 17.0.31903.59
MinimumVisualStudioVersion = 10.0.40219.1
Project("{FAE04EC0-301F-11D3-BF4B-00C04F79EFBC}") = "PalindromeNumbers", "PalindromeNumbers\PalindromeNumbers.csproj", "{A6B7EC44-C143-4879-8380-B5E3111A0216}"
EndProject
Global
	GlobalSection(SolutionConfigurationPlatforms) = preSolution
		Debug|Any CPU = Debug|Any CPU
		Release|Any CPU = Release|Any CPU
	EndGlobalSection
	GlobalSection(ProjectConfigurationPlatforms) = postSolution
		{A6B7EC44-C143-4879-8380-B5E3111A0216}.Debug|Any CPU.ActiveCfg = Debug|Any CPU
		{A6B7EC44-C143-4879-8380-B5E3111A0216}.Debug|Any CPU.Build.0 = Debug|Any CPU
		{A6B7EC44-C143-4879-8380-B5E3111A0216}.Release|Any CPU.ActiveCfg = Release|Any CPU
		{A6B7EC44-C143-4879-8380-B5E3111A0216}.Release|Any CPU.Build.0 = Release|Any CPU
	EndGlobalSection
	GlobalSection(SolutionProperties) = preSolution
		HideSolutionNode = FALSE
	EndGlobalSection
	GlobalSection(ExtensibilityGlobals) = postSolution
		SolutionGuid = {C5ED7087-4C8D-4E64-92C5-69825E7DB252}
	EndGlobalSection
EndGlobal
